
Microsoft Visual Studio Solution File, Format Version 12.00
# Visual Studio 15
VisualStudioVersion = 15.0.27004.2009
MinimumVisualStudioVersion = 10.0.40219.1
Project("{FAE04EC0-301F-11D3-BF4B-00C04F79EFBC}") = "YIME", "YIME\YIME.csproj", "{4B080244-EDB6-4E35-A157-B258B7AD5E35}"
EndProject
Project("{FAE04EC0-301F-11D3-BF4B-00C04F79EFBC}") = "YIME.Core", "YIME.Core\YIME.Core.csproj", "{31B491E9-304F-4D2A-A4F1-F4D7D1BD543E}"
EndProject
Project("{FAE04EC0-301F-11D3-BF4B-00C04F79EFBC}") = "YIME.Gui", "YIME.Gui\YIME.Gui.csproj", "{2CF50689-5192-45EF-B959-CDE8B2BA2476}"
EndProject
Project("{FAE04EC0-301F-11D3-BF4B-00C04F79EFBC}") = "TSF.TypeLib", "TSF-TypeLib\TSF.TypeLib\TSF.TypeLib.csproj", "{6BB248E4-CD03-40A4-810C-19E038AF2715}"
EndProject
Global
	GlobalSection(SolutionConfigurationPlatforms) = preSolution
		Debug|Any CPU = Debug|Any CPU
		Release|Any CPU = Release|Any CPU
	EndGlobalSection
	GlobalSection(ProjectConfigurationPlatforms) = postSolution
		{4B080244-EDB6-4E35-A157-B258B7AD5E35}.Debug|Any CPU.ActiveCfg = Debug|Any CPU
		{4B080244-EDB6-4E35-A157-B258B7AD5E35}.Debug|Any CPU.Build.0 = Debug|Any CPU
		{4B080244-EDB6-4E35-A157-B258B7AD5E35}.Release|Any CPU.ActiveCfg = Release|Any CPU
		{4B080244-EDB6-4E35-A157-B258B7AD5E35}.Release|Any CPU.Build.0 = Release|Any CPU
		{31B491E9-304F-4D2A-A4F1-F4D7D1BD543E}.Debug|Any CPU.ActiveCfg = Debug|Any CPU
		{31B491E9-304F-4D2A-A4F1-F4D7D1BD543E}.Debug|Any CPU.Build.0 = Debug|Any CPU
		{31B491E9-304F-4D2A-A4F1-F4D7D1BD543E}.Release|Any CPU.ActiveCfg = Release|Any CPU
		{31B491E9-304F-4D2A-A4F1-F4D7D1BD543E}.Release|Any CPU.Build.0 = Release|Any CPU
		{2CF50689-5192-45EF-B959-CDE8B2BA2476}.Debug|Any CPU.ActiveCfg = Debug|Any CPU
		{2CF50689-5192-45EF-B959-CDE8B2BA2476}.Debug|Any CPU.Build.0 = Debug|Any CPU
		{2CF50689-5192-45EF-B959-CDE8B2BA2476}.Release|Any CPU.ActiveCfg = Release|Any CPU
		{2CF50689-5192-45EF-B959-CDE8B2BA2476}.Release|Any CPU.Build.0 = Release|Any CPU
		{6BB248E4-CD03-40A4-810C-19E038AF2715}.Debug|Any CPU.ActiveCfg = Debug|Any CPU
		{6BB248E4-CD03-40A4-810C-19E038AF2715}.Debug|Any CPU.Build.0 = Debug|Any CPU
		{6BB248E4-CD03-40A4-810C-19E038AF2715}.Release|Any CPU.ActiveCfg = Release|Any CPU
		{6BB248E4-CD03-40A4-810C-19E038AF2715}.Release|Any CPU.Build.0 = Release|Any CPU
	EndGlobalSection
	GlobalSection(SolutionProperties) = preSolution
		HideSolutionNode = FALSE
	EndGlobalSection
	GlobalSection(ExtensibilityGlobals) = postSolution
		SolutionGuid = {22A60B33-95E2-4B8A-BB8E-AB81C0D23619}
	EndGlobalSection
EndGlobal
